// !$*UTF8*$!
{
	archiveVersion = 1;
	classes = {
	};
	objectVersion = 56;
	objects = {

/* Begin PBXBuildFile section */
		026B23222A5D0FA4003E9951 /* RaderApp.swift in Sources */ = {isa = PBXBuildFile; fileRef = 026B23212A5D0FA4003E9951 /* RaderApp.swift */; };
		026B23242A5D0FA4003E9951 /* ContentView.swift in Sources */ = {isa = PBXBuildFile; fileRef = 026B23232A5D0FA4003E9951 /* ContentView.swift */; };
		026B23262A5D0FA6003E9951 /* Assets.xcassets in Resources */ = {isa = PBXBuildFile; fileRef = 026B23252A5D0FA6003E9951 /* Assets.xcassets */; };
		026B23292A5D0FA6003E9951 /* Preview Assets.xcassets in Resources */ = {isa = PBXBuildFile; fileRef = 026B23282A5D0FA6003E9951 /* Preview Assets.xcassets */; };
		02C9E9EE2A5E7C4A00283952 /* CBUWB.swift in Sources */ = {isa = PBXBuildFile; fileRef = 02C9E9ED2A5E7C4A00283952 /* CBUWB.swift */; };
		02F2114E2A67922B00498388 /* MCUWB.swift in Sources */ = {isa = PBXBuildFile; fileRef = 02F2114D2A67922B00498388 /* MCUWB.swift */; };
		02F211502A6792D800498388 /* DiscoveredPeer.swift in Sources */ = {isa = PBXBuildFile; fileRef = 02F2114F2A6792D800498388 /* DiscoveredPeer.swift */; };
/* End PBXBuildFile section */

/* Begin PBXFileReference section */
		026B231E2A5D0FA4003E9951 /* Rader.app */ = {isa = PBXFileReference; explicitFileType = wrapper.application; includeInIndex = 0; path = Rader.app; sourceTree = BUILT_PRODUCTS_DIR; };
		026B23212A5D0FA4003E9951 /* RaderApp.swift */ = {isa = PBXFileReference; lastKnownFileType = sourcecode.swift; path = RaderApp.swift; sourceTree = "<group>"; };
		026B23232A5D0FA4003E9951 /* ContentView.swift */ = {isa = PBXFileReference; lastKnownFileType = sourcecode.swift; path = ContentView.swift; sourceTree = "<group>"; };
		026B23252A5D0FA6003E9951 /* Assets.xcassets */ = {isa = PBXFileReference; lastKnownFileType = folder.assetcatalog; path = Assets.xcassets; sourceTree = "<group>"; };
		026B23282A5D0FA6003E9951 /* Preview Assets.xcassets */ = {isa = PBXFileReference; lastKnownFileType = folder.assetcatalog; path = "Preview Assets.xcassets"; sourceTree = "<group>"; };
		02C9E9E62A5D189200283952 /* Info.plist */ = {isa = PBXFileReference; lastKnownFileType = text.plist; path = Info.plist; sourceTree = "<group>"; };
		02C9E9ED2A5E7C4A00283952 /* CBUWB.swift */ = {isa = PBXFileReference; lastKnownFileType = sourcecode.swift; path = CBUWB.swift; sourceTree = "<group>"; };
		02F2114D2A67922B00498388 /* MCUWB.swift */ = {isa = PBXFileReference; lastKnownFileType = sourcecode.swift; path = MCUWB.swift; sourceTree = "<group>"; };
		02F2114F2A6792D800498388 /* DiscoveredPeer.swift */ = {isa = PBXFileReference; lastKnownFileType = sourcecode.swift; path = DiscoveredPeer.swift; sourceTree = "<group>"; };
/* End PBXFileReference section */

/* Begin PBXFrameworksBuildPhase section */
		026B231B2A5D0FA4003E9951 /* Frameworks */ = {
			isa = PBXFrameworksBuildPhase;
			buildActionMask = 2147483647;
			files = (
			);
			runOnlyForDeploymentPostprocessing = 0;
		};
/* End PBXFrameworksBuildPhase section */

/* Begin PBXGroup section */
		026B23152A5D0FA4003E9951 = {
			isa = PBXGroup;
			children = (
				026B23202A5D0FA4003E9951 /* Rader */,
				026B231F2A5D0FA4003E9951 /* Products */,
			);
			sourceTree = "<group>";
		};
		026B231F2A5D0FA4003E9951 /* Products */ = {
			isa = PBXGroup;
			children = (
				026B231E2A5D0FA4003E9951 /* Rader.app */,
			);
			name = Products;
			sourceTree = "<group>";
		};
		026B23202A5D0FA4003E9951 /* Rader */ = {
			isa = PBXGroup;
			children = (
				026B23212A5D0FA4003E9951 /* RaderApp.swift */,
				026B23232A5D0FA4003E9951 /* ContentView.swift */,
				02F2114F2A6792D800498388 /* DiscoveredPeer.swift */,
				02C9E9ED2A5E7C4A00283952 /* CBUWB.swift */,
				02F2114D2A67922B00498388 /* MCUWB.swift */,
				026B23252A5D0FA6003E9951 /* Assets.xcassets */,
				02C9E9E62A5D189200283952 /* Info.plist */,
				026B23272A5D0FA6003E9951 /* Preview Content */,
			);
			path = Rader;
			sourceTree = "<group>";
		};
		026B23272A5D0FA6003E9951 /* Preview Content */ = {
			isa = PBXGroup;
			children = (
				026B23282A5D0FA6003E9951 /* Preview Assets.xcassets */,
			);
			path = "Preview Content";
			sourceTree = "<group>";
		};
/* End PBXGroup section */

/* Begin PBXNativeTarget section */
		026B231D2A5D0FA4003E9951 /* Rader */ = {
			isa = PBXNativeTarget;
			buildConfigurationList = 026B232C2A5D0FA6003E9951 /* Build configuration list for PBXNativeTarget "Rader" */;
			buildPhases = (
				026B231A2A5D0FA4003E9951 /* Sources */,
				026B231B2A5D0FA4003E9951 /* Frameworks */,
				026B231C2A5D0FA4003E9951 /* Resources */,
			);
			buildRules = (
			);
			dependencies = (
			);
			name = Rader;
			productName = Rader;
			productReference = 026B231E2A5D0FA4003E9951 /* Rader.app */;
			productType = "com.apple.product-type.application";
		};
/* End PBXNativeTarget section */

/* Begin PBXProject section */
		026B23162A5D0FA4003E9951 /* Project object */ = {
			isa = PBXProject;
			attributes = {
				BuildIndependentTargetsInParallel = 1;
				LastSwiftUpdateCheck = 1430;
				LastUpgradeCheck = 1430;
				TargetAttributes = {
					026B231D2A5D0FA4003E9951 = {
						CreatedOnToolsVersion = 14.3.1;
					};
				};
			};
			buildConfigurationList = 026B23192A5D0FA4003E9951 /* Build configuration list for PBXProject "Rader" */;
			compatibilityVersion = "Xcode 14.0";
			developmentRegion = en;
			hasScannedForEncodings = 0;
			knownRegions = (
				en,
				Base,
			);
			mainGroup = 026B23152A5D0FA4003E9951;
			productRefGroup = 026B231F2A5D0FA4003E9951 /* Products */;
			projectDirPath = "";
			projectRoot = "";
			targets = (
				026B231D2A5D0FA4003E9951 /* Rader */,
			);
		};
/* End PBXProject section */

/* Begin PBXResourcesBuildPhase section */
		026B231C2A5D0FA4003E9951 /* Resources */ = {
			isa = PBXResourcesBuildPhase;
			buildActionMask = 2147483647;
			files = (
				026B23292A5D0FA6003E9951 /* Preview Assets.xcassets in Resources */,
				026B23262A5D0FA6003E9951 /* Assets.xcassets in Resources */,
			);
			runOnlyForDeploymentPostprocessing = 0;
		};
/* End PBXResourcesBuildPhase section */

/* Begin PBXSourcesBuildPhase section */
		026B231A2A5D0FA4003E9951 /* Sources */ = {
			isa = PBXSourcesBuildPhase;
			buildActionMask = 2147483647;
			files = (
				02F2114E2A67922B00498388 /* MCUWB.swift in Sources */,
				02C9E9EE2A5E7C4A00283952 /* CBUWB.swift in Sources */,
				026B23242A5D0FA4003E9951 /* ContentView.swift in Sources */,
				026B23222A5D0FA4003E9951 /* RaderApp.swift in Sources */,
				02F211502A6792D800498388 /* DiscoveredPeer.swift in Sources */,
			);
			runOnlyForDeploymentPostprocessing = 0;
		};
/* End PBXSourcesBuildPhase section */

/* Begin XCBuildConfiguration section */
		026B232A2A5D0FA6003E9951 /* Debug */ = {
			isa = XCBuildConfiguration;
			buildSettings = {
				ALWAYS_SEARCH_USER_PATHS = NO;
				CLANG_ANALYZER_NONNULL = YES;
				CLANG_ANALYZER_NUMBER_OBJECT_CONVERSION = YES_AGGRESSIVE;
				CLANG_CXX_LANGUAGE_STANDARD = "gnu++20";
				CLANG_ENABLE_MODULES = YES;
				CLANG_ENABLE_OBJC_ARC = YES;
				CLANG_ENABLE_OBJC_WEAK = YES;
				CLANG_WARN_BLOCK_CAPTURE_AUTORELEASING = YES;
				CLANG_WARN_BOOL_CONVERSION = YES;
				CLANG_WARN_COMMA = YES;
				CLANG_WARN_CONSTANT_CONVERSION = YES;
				CLANG_WARN_DEPRECATED_OBJC_IMPLEMENTATIONS = YES;
				CLANG_WARN_DIRECT_OBJC_ISA_USAGE = YES_ERROR;
				CLANG_WARN_DOCUMENTATION_COMMENTS = YES;
				CLANG_WARN_EMPTY_BODY = YES;
				CLANG_WARN_ENUM_CONVERSION = YES;
				CLANG_WARN_INFINITE_RECURSION = YES;
				CLANG_WARN_INT_CONVERSION = YES;
				CLANG_WARN_NON_LITERAL_NULL_CONVERSION = YES;
				CLANG_WARN_OBJC_IMPLICIT_RETAIN_SELF = YES;
				CLANG_WARN_OBJC_LITERAL_CONVERSION = YES;
				CLANG_WARN_OBJC_ROOT_CLASS = YES_ERROR;
				CLANG_WARN_QUOTED_INCLUDE_IN_FRAMEWORK_HEADER = YES;
				CLANG_WARN_RANGE_LOOP_ANALYSIS = YES;
				CLANG_WARN_STRICT_PROTOTYPES = YES;
				CLANG_WARN_SUSPICIOUS_MOVE = YES;
				CLANG_WARN_UNGUARDED_AVAILABILITY = YES_AGGRESSIVE;
				CLANG_WARN_UNREACHABLE_CODE = YES;
				CLANG_WARN__DUPLICATE_METHOD_MATCH = YES;
				COPY_PHASE_STRIP = NO;
				DEBUG_INFORMATION_FORMAT = dwarf;
				ENABLE_STRICT_OBJC_MSGSEND = YES;
				ENABLE_TESTABILITY = YES;
				GCC_C_LANGUAGE_STANDARD = gnu11;
				GCC_DYNAMIC_NO_PIC = NO;
				GCC_NO_COMMON_BLOCKS = YES;
				GCC_OPTIMIZATION_LEVEL = 0;
				GCC_PREPROCESSOR_DEFINITIONS = (
					"DEBUG=1",
					"$(inherited)",
				);
				GCC_WARN_64_TO_32_BIT_CONVERSION = YES;
				GCC_WARN_ABOUT_RETURN_TYPE = YES_ERROR;
				GCC_WARN_UNDECLARED_SELECTOR = YES;
				GCC_WARN_UNINITIALIZED_AUTOS = YES_AGGRESSIVE;
				GCC_WARN_UNUSED_FUNCTION = YES;
				GCC_WARN_UNUSED_VARIABLE = YES;
				IPHONEOS_DEPLOYMENT_TARGET = 16.4;
				MTL_ENABLE_DEBUG_INFO = INCLUDE_SOURCE;
				MTL_FAST_MATH = YES;
				ONLY_ACTIVE_ARCH = YES;
				SDKROOT = iphoneos;
				SWIFT_ACTIVE_COMPILATION_CONDITIONS = DEBUG;
				SWIFT_OPTIMIZATION_LEVEL = "-Onone";
			};
			name = Debug;
		};
		026B232B2A5D0FA6003E9951 /* Release */ = {
			isa = XCBuildConfiguration;
			buildSettings = {
				ALWAYS_SEARCH_USER_PATHS = NO;
				CLANG_ANALYZER_NONNULL = YES;
				CLANG_ANALYZER_NUMBER_OBJECT_CONVERSION = YES_AGGRESSIVE;
				CLANG_CXX_LANGUAGE_STANDARD = "gnu++20";
				CLANG_ENABLE_MODULES = YES;
				CLANG_ENABLE_OBJC_ARC = YES;
				CLANG_ENABLE_OBJC_WEAK = YES;
				CLANG_WARN_BLOCK_CAPTURE_AUTORELEASING = YES;
				CLANG_WARN_BOOL_CONVERSION = YES;
				CLANG_WARN_COMMA = YES;
				CLANG_WARN_CONSTANT_CONVERSION = YES;
				CLANG_WARN_DEPRECATED_OBJC_IMPLEMENTATIONS = YES;
				CLANG_WARN_DIRECT_OBJC_ISA_USAGE = YES_ERROR;
				CLANG_WARN_DOCUMENTATION_COMMENTS = YES;
				CLANG_WARN_EMPTY_BODY = YES;
				CLANG_WARN_ENUM_CONVERSION = YES;
				CLANG_WARN_INFINITE_RECURSION = YES;
				CLANG_WARN_INT_CONVERSION = YES;
				CLANG_WARN_NON_LITERAL_NULL_CONVERSION = YES;
				CLANG_WARN_OBJC_IMPLICIT_RETAIN_SELF = YES;
				CLANG_WARN_OBJC_LITERAL_CONVERSION = YES;
				CLANG_WARN_OBJC_ROOT_CLASS = YES_ERROR;
				CLANG_WARN_QUOTED_INCLUDE_IN_FRAMEWORK_HEADER = YES;
				CLANG_WARN_RANGE_LOOP_ANALYSIS = YES;
				CLANG_WARN_STRICT_PROTOTYPES = YES;
				CLANG_WARN_SUSPICIOUS_MOVE = YES;
				CLANG_WARN_UNGUARDED_AVAILABILITY = YES_AGGRESSIVE;
				CLANG_WARN_UNREACHABLE_CODE = YES;
				CLANG_WARN__DUPLICATE_METHOD_MATCH = YES;
				COPY_PHASE_STRIP = NO;
				DEBUG_INFORMATION_FORMAT = "dwarf-with-dsym";
				ENABLE_NS_ASSERTIONS = NO;
				ENABLE_STRICT_OBJC_MSGSEND = YES;
				GCC_C_LANGUAGE_STANDARD = gnu11;
				GCC_NO_COMMON_BLOCKS = YES;
				GCC_WARN_64_TO_32_BIT_CONVERSION = YES;
				GCC_WARN_ABOUT_RETURN_TYPE = YES_ERROR;
				GCC_WARN_UNDECLARED_SELECTOR = YES;
				GCC_WARN_UNINITIALIZED_AUTOS = YES_AGGRESSIVE;
				GCC_WARN_UNUSED_FUNCTION = YES;
				GCC_WARN_UNUSED_VARIABLE = YES;
				IPHONEOS_DEPLOYMENT_TARGET = 16.4;
				MTL_ENABLE_DEBUG_INFO = NO;
				MTL_FAST_MATH = YES;
				SDKROOT = iphoneos;
				SWIFT_COMPILATION_MODE = wholemodule;
				SWIFT_OPTIMIZATION_LEVEL = "-O";
				VALIDATE_PRODUCT = YES;
			};
			name = Release;
		};
		026B232D2A5D0FA6003E9951 /* Debug */ = {
			isa = XCBuildConfiguration;
			buildSettings = {
				ASSETCATALOG_COMPILER_APPICON_NAME = AppIcon;
				ASSETCATALOG_COMPILER_GLOBAL_ACCENT_COLOR_NAME = AccentColor;
				CODE_SIGN_STYLE = Automatic;
				CURRENT_PROJECT_VERSION = 1;
				DEVELOPMENT_ASSET_PATHS = "\"Rader/Preview Content\"";
				DEVELOPMENT_TEAM = 39KF2M8S75;
				ENABLE_PREVIEWS = YES;
				GENERATE_INFOPLIST_FILE = YES;
				INFOPLIST_FILE = Rader/Info.plist;
				INFOPLIST_KEY_CFBundleDisplayName = Radar;
				INFOPLIST_KEY_NSBluetoothAlwaysUsageDescription = "許可してください";
				INFOPLIST_KEY_NSLocalNetworkUsageDescription = "許可してください";
				INFOPLIST_KEY_NSNearbyInteractionUsageDescription = "許可してください";
				INFOPLIST_KEY_UIApplicationSceneManifest_Generation = YES;
				INFOPLIST_KEY_UIApplicationSupportsIndirectInputEvents = YES;
				INFOPLIST_KEY_UILaunchScreen_Generation = YES;
				INFOPLIST_KEY_UIRequiredDeviceCapabilities = "armv7 bluetooth-le";
				INFOPLIST_KEY_UISupportedInterfaceOrientations = UIInterfaceOrientationPortrait;
				INFOPLIST_KEY_UISupportedInterfaceOrientations_iPad = "UIInterfaceOrientationLandscapeLeft UIInterfaceOrientationLandscapeRight UIInterfaceOrientationPortrait UIInterfaceOrientationPortraitUpsideDown";
				LD_RUNPATH_SEARCH_PATHS = (
					"$(inherited)",
					"@executable_path/Frameworks",
				);
				MARKETING_VERSION = 1.0;
				PRODUCT_BUNDLE_IDENTIFIER = app.akiho.rader;
				PRODUCT_NAME = "$(TARGET_NAME)";
				SUPPORTED_PLATFORMS = "iphoneos iphonesimulator";
				SUPPORTS_MACCATALYST = NO;
				SUPPORTS_MAC_DESIGNED_FOR_IPHONE_IPAD = NO;
				SWIFT_EMIT_LOC_STRINGS = YES;
				SWIFT_VERSION = 5.0;
				TARGETED_DEVICE_FAMILY = 1;
			};
			name = Debug;
		};
		026B232E2A5D0FA6003E9951 /* Release */ = {
			isa = XCBuildConfiguration;
			buildSettings = {
				ASSETCATALOG_COMPILER_APPICON_NAME = AppIcon;
				ASSETCATALOG_COMPILER_GLOBAL_ACCENT_COLOR_NAME = AccentColor;
				CODE_SIGN_STYLE = Automatic;
				CURRENT_PROJECT_VERSION = 1;
				DEVELOPMENT_ASSET_PATHS = "\"Rader/Preview Content\"";
				DEVELOPMENT_TEAM = 39KF2M8S75;
				ENABLE_PREVIEWS = YES;
				GENERATE_INFOPLIST_FILE = YES;
				INFOPLIST_FILE = Rader/Info.plist;
				INFOPLIST_KEY_CFBundleDisplayName = Radar;
				INFOPLIST_KEY_NSBluetoothAlwaysUsageDescription = "許可してください";
				INFOPLIST_KEY_NSLocalNetworkUsageDescription = "許可してください";
				INFOPLIST_KEY_NSNearbyInteractionUsageDescription = "許可してください";
				INFOPLIST_KEY_UIApplicationSceneManifest_Generation = YES;
				INFOPLIST_KEY_UIApplicationSupportsIndirectInputEvents = YES;
				INFOPLIST_KEY_UILaunchScreen_Generation = YES;
				INFOPLIST_KEY_UIRequiredDeviceCapabilities = "armv7 bluetooth-le";
				INFOPLIST_KEY_UISupportedInterfaceOrientations = UIInterfaceOrientationPortrait;
				INFOPLIST_KEY_UISupportedInterfaceOrientations_iPad = "UIInterfaceOrientationLandscapeLeft UIInterfaceOrientationLandscapeRight UIInterfaceOrientationPortrait UIInterfaceOrientationPortraitUpsideDown";
				LD_RUNPATH_SEARCH_PATHS = (
					"$(inherited)",
					"@executable_path/Frameworks",
				);
				MARKETING_VERSION = 1.0;
				PRODUCT_BUNDLE_IDENTIFIER = app.akiho.rader;
				PRODUCT_NAME = "$(TARGET_NAME)";
				SUPPORTED_PLATFORMS = "iphoneos iphonesimulator";
				SUPPORTS_MACCATALYST = NO;
				SUPPORTS_MAC_DESIGNED_FOR_IPHONE_IPAD = NO;
				SWIFT_EMIT_LOC_STRINGS = YES;
				SWIFT_VERSION = 5.0;
				TARGETED_DEVICE_FAMILY = 1;
			};
			name = Release;
		};
/* End XCBuildConfiguration section */

/* Begin XCConfigurationList section */
		026B23192A5D0FA4003E9951 /* Build configuration list for PBXProject "Rader" */ = {
			isa = XCConfigurationList;
			buildConfigurations = (
				026B232A2A5D0FA6003E9951 /* Debug */,
				026B232B2A5D0FA6003E9951 /* Release */,
			);
			defaultConfigurationIsVisible = 0;
			defaultConfigurationName = Release;
		};
		026B232C2A5D0FA6003E9951 /* Build configuration list for PBXNativeTarget "Rader" */ = {
			isa = XCConfigurationList;
			buildConfigurations = (
				026B232D2A5D0FA6003E9951 /* Debug */,
				026B232E2A5D0FA6003E9951 /* Release */,
			);
			defaultConfigurationIsVisible = 0;
			defaultConfigurationName = Release;
		};
/* End XCConfigurationList section */
	};
	rootObject = 026B23162A5D0FA4003E9951 /* Project object */;
}
